// !$*UTF8*$!
{
	archiveVersion = 1;
	classes = {
	};
	objectVersion = 46;
	objects = {

/* Begin PBXBuildFile section */
		ACEC12C954D3F174D6E97712 /* libPods-HUDManager.a in Frameworks */ = {isa = PBXBuildFile; fileRef = FBF6B61262A3B5FB46AA454E /* libPods-HUDManager.a */; };
		E87F8866185AF11E007486D2 /* hudTest.png in Resources */ = {isa = PBXBuildFile; fileRef = E87F8864185AF11E007486D2 /* hudTest.png */; };
		E87F8867185AF11E007486D2 /* hudTest@2x.png in Resources */ = {isa = PBXBuildFile; fileRef = E87F8865185AF11E007486D2 /* hudTest@2x.png */; };
		E889B46117B8D201002541C2 /* ALHUDIconsResourse.bundle in Resources */ = {isa = PBXBuildFile; fileRef = E889B45C17B8D201002541C2 /* ALHUDIconsResourse.bundle */; };
		E889B46217B8D201002541C2 /* ALHUDManager.m in Sources */ = {isa = PBXBuildFile; fileRef = E889B45E17B8D201002541C2 /* ALHUDManager.m */; };
		E889B46317B8D201002541C2 /* HUDItem.m in Sources */ = {isa = PBXBuildFile; fileRef = E889B46017B8D201002541C2 /* HUDItem.m */; };
		E8D0AFDB17B8D1BA002CDBD8 /* UIKit.framework in Frameworks */ = {isa = PBXBuildFile; fileRef = E8D0AFDA17B8D1BA002CDBD8 /* UIKit.framework */; };
		E8D0AFDD17B8D1BA002CDBD8 /* Foundation.framework in Frameworks */ = {isa = PBXBuildFile; fileRef = E8D0AFDC17B8D1BA002CDBD8 /* Foundation.framework */; };
		E8D0AFDF17B8D1BA002CDBD8 /* CoreGraphics.framework in Frameworks */ = {isa = PBXBuildFile; fileRef = E8D0AFDE17B8D1BA002CDBD8 /* CoreGraphics.framework */; };
		E8D0AFE517B8D1BA002CDBD8 /* InfoPlist.strings in Resources */ = {isa = PBXBuildFile; fileRef = E8D0AFE317B8D1BA002CDBD8 /* InfoPlist.strings */; };
		E8D0AFE717B8D1BA002CDBD8 /* main.m in Sources */ = {isa = PBXBuildFile; fileRef = E8D0AFE617B8D1BA002CDBD8 /* main.m */; };
		E8D0AFEB17B8D1BA002CDBD8 /* AppDelegate.m in Sources */ = {isa = PBXBuildFile; fileRef = E8D0AFEA17B8D1BA002CDBD8 /* AppDelegate.m */; };
		E8D0AFED17B8D1BA002CDBD8 /* Default.png in Resources */ = {isa = PBXBuildFile; fileRef = E8D0AFEC17B8D1BA002CDBD8 /* Default.png */; };
		E8D0AFEF17B8D1BA002CDBD8 /* Default@2x.png in Resources */ = {isa = PBXBuildFile; fileRef = E8D0AFEE17B8D1BA002CDBD8 /* Default@2x.png */; };
		E8D0AFF117B8D1BA002CDBD8 /* Default-568h@2x.png in Resources */ = {isa = PBXBuildFile; fileRef = E8D0AFF017B8D1BA002CDBD8 /* Default-568h@2x.png */; };
		E8D0AFF417B8D1BA002CDBD8 /* ViewController.m in Sources */ = {isa = PBXBuildFile; fileRef = E8D0AFF317B8D1BA002CDBD8 /* ViewController.m */; };
		E8D0AFF717B8D1BA002CDBD8 /* ViewController.xib in Resources */ = {isa = PBXBuildFile; fileRef = E8D0AFF517B8D1BA002CDBD8 /* ViewController.xib */; };
/* End PBXBuildFile section */

/* Begin PBXFileReference section */
		9617D150415C862D568EA25C /* Pods-HUDManager.debug.xcconfig */ = {isa = PBXFileReference; includeInIndex = 1; lastKnownFileType = text.xcconfig; name = "Pods-HUDManager.debug.xcconfig"; path = "Pods/Target Support Files/Pods-HUDManager/Pods-HUDManager.debug.xcconfig"; sourceTree = "<group>"; };
		ADBDDC825A8133702E67DF10 /* Pods-HUDManager.release.xcconfig */ = {isa = PBXFileReference; includeInIndex = 1; lastKnownFileType = text.xcconfig; name = "Pods-HUDManager.release.xcconfig"; path = "Pods/Target Support Files/Pods-HUDManager/Pods-HUDManager.release.xcconfig"; sourceTree = "<group>"; };
		E83453AB18473C580018A59F /* QuartzCore.framework */ = {isa = PBXFileReference; lastKnownFileType = wrapper.framework; name = QuartzCore.framework; path = System/Library/Frameworks/QuartzCore.framework; sourceTree = SDKROOT; };
		E87F8864185AF11E007486D2 /* hudTest.png */ = {isa = PBXFileReference; lastKnownFileType = image.png; path = hudTest.png; sourceTree = "<group>"; };
		E87F8865185AF11E007486D2 /* hudTest@2x.png */ = {isa = PBXFileReference; lastKnownFileType = image.png; path = "hudTest@2x.png"; sourceTree = "<group>"; };
		E889B45C17B8D201002541C2 /* ALHUDIconsResourse.bundle */ = {isa = PBXFileReference; lastKnownFileType = "wrapper.plug-in"; path = ALHUDIconsResourse.bundle; sourceTree = "<group>"; };
		E889B45D17B8D201002541C2 /* ALHUDManager.h */ = {isa = PBXFileReference; fileEncoding = 4; lastKnownFileType = sourcecode.c.h; path = ALHUDManager.h; sourceTree = "<group>"; };
		E889B45E17B8D201002541C2 /* ALHUDManager.m */ = {isa = PBXFileReference; fileEncoding = 4; lastKnownFileType = sourcecode.c.objc; path = ALHUDManager.m; sourceTree = "<group>"; };
		E889B45F17B8D201002541C2 /* HUDItem.h */ = {isa = PBXFileReference; fileEncoding = 4; lastKnownFileType = sourcecode.c.h; path = HUDItem.h; sourceTree = "<group>"; };
		E889B46017B8D201002541C2 /* HUDItem.m */ = {isa = PBXFileReference; fileEncoding = 4; lastKnownFileType = sourcecode.c.objc; path = HUDItem.m; sourceTree = "<group>"; };
		E8D0AFD717B8D1BA002CDBD8 /* HUDManager.app */ = {isa = PBXFileReference; explicitFileType = wrapper.application; includeInIndex = 0; path = HUDManager.app; sourceTree = BUILT_PRODUCTS_DIR; };
		E8D0AFDA17B8D1BA002CDBD8 /* UIKit.framework */ = {isa = PBXFileReference; lastKnownFileType = wrapper.framework; name = UIKit.framework; path = System/Library/Frameworks/UIKit.framework; sourceTree = SDKROOT; };
		E8D0AFDC17B8D1BA002CDBD8 /* Foundation.framework */ = {isa = PBXFileReference; lastKnownFileType = wrapper.framework; name = Foundation.framework; path = System/Library/Frameworks/Foundation.framework; sourceTree = SDKROOT; };
		E8D0AFDE17B8D1BA002CDBD8 /* CoreGraphics.framework */ = {isa = PBXFileReference; lastKnownFileType = wrapper.framework; name = CoreGraphics.framework; path = System/Library/Frameworks/CoreGraphics.framework; sourceTree = SDKROOT; };
		E8D0AFE217B8D1BA002CDBD8 /* HUDManager-Info.plist */ = {isa = PBXFileReference; lastKnownFileType = text.plist.xml; path = "HUDManager-Info.plist"; sourceTree = "<group>"; };
		E8D0AFE417B8D1BA002CDBD8 /* en */ = {isa = PBXFileReference; lastKnownFileType = text.plist.strings; name = en; path = en.lproj/InfoPlist.strings; sourceTree = "<group>"; };
		E8D0AFE617B8D1BA002CDBD8 /* main.m */ = {isa = PBXFileReference; lastKnownFileType = sourcecode.c.objc; path = main.m; sourceTree = "<group>"; };
		E8D0AFE817B8D1BA002CDBD8 /* HUDManager-Prefix.pch */ = {isa = PBXFileReference; lastKnownFileType = sourcecode.c.h; path = "HUDManager-Prefix.pch"; sourceTree = "<group>"; };
		E8D0AFE917B8D1BA002CDBD8 /* AppDelegate.h */ = {isa = PBXFileReference; lastKnownFileType = sourcecode.c.h; path = AppDelegate.h; sourceTree = "<group>"; };
		E8D0AFEA17B8D1BA002CDBD8 /* AppDelegate.m */ = {isa = PBXFileReference; lastKnownFileType = sourcecode.c.objc; path = AppDelegate.m; sourceTree = "<group>"; };
		E8D0AFEC17B8D1BA002CDBD8 /* Default.png */ = {isa = PBXFileReference; lastKnownFileType = image.png; path = Default.png; sourceTree = "<group>"; };
		E8D0AFEE17B8D1BA002CDBD8 /* Default@2x.png */ = {isa = PBXFileReference; lastKnownFileType = image.png; path = "Default@2x.png"; sourceTree = "<group>"; };
		E8D0AFF017B8D1BA002CDBD8 /* Default-568h@2x.png */ = {isa = PBXFileReference; lastKnownFileType = image.png; path = "Default-568h@2x.png"; sourceTree = "<group>"; };
		E8D0AFF217B8D1BA002CDBD8 /* ViewController.h */ = {isa = PBXFileReference; lastKnownFileType = sourcecode.c.h; path = ViewController.h; sourceTree = "<group>"; };
		E8D0AFF317B8D1BA002CDBD8 /* ViewController.m */ = {isa = PBXFileReference; lastKnownFileType = sourcecode.c.objc; path = ViewController.m; sourceTree = "<group>"; };
		E8D0AFF617B8D1BA002CDBD8 /* en */ = {isa = PBXFileReference; lastKnownFileType = file.xib; name = en; path = en.lproj/ViewController.xib; sourceTree = "<group>"; };
		FBF6B61262A3B5FB46AA454E /* libPods-HUDManager.a */ = {isa = PBXFileReference; explicitFileType = archive.ar; includeInIndex = 0; path = "libPods-HUDManager.a"; sourceTree = BUILT_PRODUCTS_DIR; };
/* End PBXFileReference section */

/* Begin PBXFrameworksBuildPhase section */
		E8D0AFD417B8D1BA002CDBD8 /* Frameworks */ = {
			isa = PBXFrameworksBuildPhase;
			buildActionMask = 2147483647;
			files = (
				E8D0AFDB17B8D1BA002CDBD8 /* UIKit.framework in Frameworks */,
				E8D0AFDD17B8D1BA002CDBD8 /* Foundation.framework in Frameworks */,
				E8D0AFDF17B8D1BA002CDBD8 /* CoreGraphics.framework in Frameworks */,
				ACEC12C954D3F174D6E97712 /* libPods-HUDManager.a in Frameworks */,
			);
			runOnlyForDeploymentPostprocessing = 0;
		};
/* End PBXFrameworksBuildPhase section */

/* Begin PBXGroup section */
		5DFE04BD6445E9BEBB1E5E91 /* Pods */ = {
			isa = PBXGroup;
			children = (
				9617D150415C862D568EA25C /* Pods-HUDManager.debug.xcconfig */,
				ADBDDC825A8133702E67DF10 /* Pods-HUDManager.release.xcconfig */,
			);
			name = Pods;
			sourceTree = "<group>";
		};
		E889B45B17B8D201002541C2 /* ALHUDManager */ = {
			isa = PBXGroup;
			children = (
				E889B45C17B8D201002541C2 /* ALHUDIconsResourse.bundle */,
				E889B45D17B8D201002541C2 /* ALHUDManager.h */,
				E889B45E17B8D201002541C2 /* ALHUDManager.m */,
				E889B45F17B8D201002541C2 /* HUDItem.h */,
				E889B46017B8D201002541C2 /* HUDItem.m */,
			);
			path = ALHUDManager;
			sourceTree = "<group>";
		};
		E8D0AFCE17B8D1BA002CDBD8 = {
			isa = PBXGroup;
			children = (
				E889B45B17B8D201002541C2 /* ALHUDManager */,
				E8D0AFE017B8D1BA002CDBD8 /* HUDManager */,
				E8D0AFD917B8D1BA002CDBD8 /* Frameworks */,
				E8D0AFD817B8D1BA002CDBD8 /* Products */,
				5DFE04BD6445E9BEBB1E5E91 /* Pods */,
			);
			sourceTree = "<group>";
		};
		E8D0AFD817B8D1BA002CDBD8 /* Products */ = {
			isa = PBXGroup;
			children = (
				E8D0AFD717B8D1BA002CDBD8 /* HUDManager.app */,
			);
			name = Products;
			sourceTree = "<group>";
		};
		E8D0AFD917B8D1BA002CDBD8 /* Frameworks */ = {
			isa = PBXGroup;
			children = (
				E83453AB18473C580018A59F /* QuartzCore.framework */,
				E8D0AFDA17B8D1BA002CDBD8 /* UIKit.framework */,
				E8D0AFDC17B8D1BA002CDBD8 /* Foundation.framework */,
				E8D0AFDE17B8D1BA002CDBD8 /* CoreGraphics.framework */,
				FBF6B61262A3B5FB46AA454E /* libPods-HUDManager.a */,
			);
			name = Frameworks;
			sourceTree = "<group>";
		};
		E8D0AFE017B8D1BA002CDBD8 /* HUDManager */ = {
			isa = PBXGroup;
			children = (
				E87F8864185AF11E007486D2 /* hudTest.png */,
				E87F8865185AF11E007486D2 /* hudTest@2x.png */,
				E8D0AFE917B8D1BA002CDBD8 /* AppDelegate.h */,
				E8D0AFEA17B8D1BA002CDBD8 /* AppDelegate.m */,
				E8D0AFF217B8D1BA002CDBD8 /* ViewController.h */,
				E8D0AFF317B8D1BA002CDBD8 /* ViewController.m */,
				E8D0AFF517B8D1BA002CDBD8 /* ViewController.xib */,
				E8D0AFE117B8D1BA002CDBD8 /* Supporting Files */,
			);
			path = HUDManager;
			sourceTree = "<group>";
		};
		E8D0AFE117B8D1BA002CDBD8 /* Supporting Files */ = {
			isa = PBXGroup;
			children = (
				E8D0AFE217B8D1BA002CDBD8 /* HUDManager-Info.plist */,
				E8D0AFE317B8D1BA002CDBD8 /* InfoPlist.strings */,
				E8D0AFE617B8D1BA002CDBD8 /* main.m */,
				E8D0AFE817B8D1BA002CDBD8 /* HUDManager-Prefix.pch */,
				E8D0AFEC17B8D1BA002CDBD8 /* Default.png */,
				E8D0AFEE17B8D1BA002CDBD8 /* Default@2x.png */,
				E8D0AFF017B8D1BA002CDBD8 /* Default-568h@2x.png */,
			);
			name = "Supporting Files";
			sourceTree = "<group>";
		};
/* End PBXGroup section */

/* Begin PBXNativeTarget section */
		E8D0AFD617B8D1BA002CDBD8 /* HUDManager */ = {
			isa = PBXNativeTarget;
			buildConfigurationList = E8D0AFFA17B8D1BA002CDBD8 /* Build configuration list for PBXNativeTarget "HUDManager" */;
			buildPhases = (
				16D79DF94824AD9CB7457AAE /* [CP] Check Pods Manifest.lock */,
				E8D0AFD317B8D1BA002CDBD8 /* Sources */,
				E8D0AFD417B8D1BA002CDBD8 /* Frameworks */,
				E8D0AFD517B8D1BA002CDBD8 /* Resources */,
				0B6D20A991CBC606A5439B4B /* [CP] Embed Pods Frameworks */,
				B9988104BAEB36B342CEF9B5 /* [CP] Copy Pods Resources */,
			);
			buildRules = (
			);
			dependencies = (
			);
			name = HUDManager;
			productName = HUDManager;
			productReference = E8D0AFD717B8D1BA002CDBD8 /* HUDManager.app */;
			productType = "com.apple.product-type.application";
		};
/* End PBXNativeTarget section */

/* Begin PBXProject section */
		E8D0AFCF17B8D1BA002CDBD8 /* Project object */ = {
			isa = PBXProject;
			attributes = {
				LastUpgradeCheck = 0460;
				ORGANIZATIONNAME = "Lobanov Aleksey";
			};
			buildConfigurationList = E8D0AFD217B8D1BA002CDBD8 /* Build configuration list for PBXProject "HUDManager" */;
			compatibilityVersion = "Xcode 3.2";
			developmentRegion = English;
			hasScannedForEncodings = 0;
			knownRegions = (
				en,
			);
			mainGroup = E8D0AFCE17B8D1BA002CDBD8;
			productRefGroup = E8D0AFD817B8D1BA002CDBD8 /* Products */;
			projectDirPath = "";
			projectRoot = "";
			targets = (
				E8D0AFD617B8D1BA002CDBD8 /* HUDManager */,
			);
		};
/* End PBXProject section */

/* Begin PBXResourcesBuildPhase section */
		E8D0AFD517B8D1BA002CDBD8 /* Resources */ = {
			isa = PBXResourcesBuildPhase;
			buildActionMask = 2147483647;
			files = (
				E8D0AFE517B8D1BA002CDBD8 /* InfoPlist.strings in Resources */,
				E8D0AFED17B8D1BA002CDBD8 /* Default.png in Resources */,
				E8D0AFEF17B8D1BA002CDBD8 /* Default@2x.png in Resources */,
				E8D0AFF117B8D1BA002CDBD8 /* Default-568h@2x.png in Resources */,
				E87F8867185AF11E007486D2 /* hudTest@2x.png in Resources */,
				E8D0AFF717B8D1BA002CDBD8 /* ViewController.xib in Resources */,
				E889B46117B8D201002541C2 /* ALHUDIconsResourse.bundle in Resources */,
				E87F8866185AF11E007486D2 /* hudTest.png in Resources */,
			);
			runOnlyForDeploymentPostprocessing = 0;
		};
/* End PBXResourcesBuildPhase section */

/* Begin PBXShellScriptBuildPhase section */
		0B6D20A991CBC606A5439B4B /* [CP] Embed Pods Frameworks */ = {
			isa = PBXShellScriptBuildPhase;
			buildActionMask = 2147483647;
			files = (
			);
			inputPaths = (
			);
			name = "[CP] Embed Pods Frameworks";
			outputPaths = (
			);
			runOnlyForDeploymentPostprocessing = 0;
			shellPath = /bin/sh;
			shellScript = "\"${SRCROOT}/Pods/Target Support Files/Pods-HUDManager/Pods-HUDManager-frameworks.sh\"\n";
			showEnvVarsInLog = 0;
		};
		16D79DF94824AD9CB7457AAE /* [CP] Check Pods Manifest.lock */ = {
			isa = PBXShellScriptBuildPhase;
			buildActionMask = 2147483647;
			files = (
			);
			inputPaths = (
				"${PODS_PODFILE_DIR_PATH}/Podfile.lock",
				"${PODS_ROOT}/Manifest.lock",
			);
			name = "[CP] Check Pods Manifest.lock";
			outputPaths = (
				"$(DERIVED_FILE_DIR)/Pods-HUDManager-checkManifestLockResult.txt",
			);
			runOnlyForDeploymentPostprocessing = 0;
			shellPath = /bin/sh;
			shellScript = "diff \"${PODS_PODFILE_DIR_PATH}/Podfile.lock\" \"${PODS_ROOT}/Manifest.lock\" > /dev/null\nif [ $? != 0 ] ; then\n    # print error to STDERR\n    echo \"error: The sandbox is not in sync with the Podfile.lock. Run 'pod install' or update your CocoaPods installation.\" >&2\n    exit 1\nfi\n# This output is used by Xcode 'outputs' to avoid re-running this script phase.\necho \"SUCCESS\" > \"${SCRIPT_OUTPUT_FILE_0}\"\n";
			showEnvVarsInLog = 0;
		};
		B9988104BAEB36B342CEF9B5 /* [CP] Copy Pods Resources */ = {
			isa = PBXShellScriptBuildPhase;
			buildActionMask = 2147483647;
			files = (
			);
			inputPaths = (
			);
			name = "[CP] Copy Pods Resources";
			outputPaths = (
			);
			runOnlyForDeploymentPostprocessing = 0;
			shellPath = /bin/sh;
			shellScript = "\"${SRCROOT}/Pods/Target Support Files/Pods-HUDManager/Pods-HUDManager-resources.sh\"\n";
			showEnvVarsInLog = 0;
		};
/* End PBXShellScriptBuildPhase section */

/* Begin PBXSourcesBuildPhase section */
		E8D0AFD317B8D1BA002CDBD8 /* Sources */ = {
			isa = PBXSourcesBuildPhase;
			buildActionMask = 2147483647;
			files = (
				E8D0AFE717B8D1BA002CDBD8 /* main.m in Sources */,
				E8D0AFEB17B8D1BA002CDBD8 /* AppDelegate.m in Sources */,
				E8D0AFF417B8D1BA002CDBD8 /* ViewController.m in Sources */,
				E889B46217B8D201002541C2 /* ALHUDManager.m in Sources */,
				E889B46317B8D201002541C2 /* HUDItem.m in Sources */,
			);
			runOnlyForDeploymentPostprocessing = 0;
		};
/* End PBXSourcesBuildPhase section */

/* Begin PBXVariantGroup section */
		E8D0AFE317B8D1BA002CDBD8 /* InfoPlist.strings */ = {
			isa = PBXVariantGroup;
			children = (
				E8D0AFE417B8D1BA002CDBD8 /* en */,
			);
			name = InfoPlist.strings;
			sourceTree = "<group>";
		};
		E8D0AFF517B8D1BA002CDBD8 /* ViewController.xib */ = {
			isa = PBXVariantGroup;
			children = (
				E8D0AFF617B8D1BA002CDBD8 /* en */,
			);
			name = ViewController.xib;
			sourceTree = "<group>";
		};
/* End PBXVariantGroup section */

/* Begin XCBuildConfiguration section */
		E8D0AFF817B8D1BA002CDBD8 /* Debug */ = {
			isa = XCBuildConfiguration;
			buildSettings = {
				ALWAYS_SEARCH_USER_PATHS = NO;
				CLANG_CXX_LANGUAGE_STANDARD = "gnu++0x";
				CLANG_CXX_LIBRARY = "libc++";
				CLANG_ENABLE_OBJC_ARC = YES;
				CLANG_WARN_CONSTANT_CONVERSION = YES;
				CLANG_WARN_EMPTY_BODY = YES;
				CLANG_WARN_ENUM_CONVERSION = YES;
				CLANG_WARN_INT_CONVERSION = YES;
				CLANG_WARN__DUPLICATE_METHOD_MATCH = YES;
				"CODE_SIGN_IDENTITY[sdk=iphoneos*]" = "iPhone Developer";
				COPY_PHASE_STRIP = NO;
				GCC_C_LANGUAGE_STANDARD = gnu99;
				GCC_DYNAMIC_NO_PIC = NO;
				GCC_OPTIMIZATION_LEVEL = 0;
				GCC_PREPROCESSOR_DEFINITIONS = (
					"DEBUG=1",
					"$(inherited)",
				);
				GCC_SYMBOLS_PRIVATE_EXTERN = NO;
				GCC_WARN_ABOUT_RETURN_TYPE = YES;
				GCC_WARN_UNINITIALIZED_AUTOS = YES;
				GCC_WARN_UNUSED_VARIABLE = YES;
				IPHONEOS_DEPLOYMENT_TARGET = 6.1;
				ONLY_ACTIVE_ARCH = YES;
				SDKROOT = iphoneos;
			};
			name = Debug;
		};
		E8D0AFF917B8D1BA002CDBD8 /* Release */ = {
			isa = XCBuildConfiguration;
			buildSettings = {
				ALWAYS_SEARCH_USER_PATHS = NO;
				CLANG_CXX_LANGUAGE_STANDARD = "gnu++0x";
				CLANG_CXX_LIBRARY = "libc++";
				CLANG_ENABLE_OBJC_ARC = YES;
				CLANG_WARN_CONSTANT_CONVERSION = YES;
				CLANG_WARN_EMPTY_BODY = YES;
				CLANG_WARN_ENUM_CONVERSION = YES;
				CLANG_WARN_INT_CONVERSION = YES;
				CLANG_WARN__DUPLICATE_METHOD_MATCH = YES;
				"CODE_SIGN_IDENTITY[sdk=iphoneos*]" = "iPhone Developer";
				COPY_PHASE_STRIP = YES;
				GCC_C_LANGUAGE_STANDARD = gnu99;
				GCC_WARN_ABOUT_RETURN_TYPE = YES;
				GCC_WARN_UNINITIALIZED_AUTOS = YES;
				GCC_WARN_UNUSED_VARIABLE = YES;
				IPHONEOS_DEPLOYMENT_TARGET = 6.1;
				OTHER_CFLAGS = "-DNS_BLOCK_ASSERTIONS=1";
				SDKROOT = iphoneos;
				VALIDATE_PRODUCT = YES;
			};
			name = Release;
		};
		E8D0AFFB17B8D1BA002CDBD8 /* Debug */ = {
			isa = XCBuildConfiguration;
			baseConfigurationReference = 9617D150415C862D568EA25C /* Pods-HUDManager.debug.xcconfig */;
			buildSettings = {
				GCC_PRECOMPILE_PREFIX_HEADER = YES;
				GCC_PREFIX_HEADER = "HUDManager/HUDManager-Prefix.pch";
				INFOPLIST_FILE = "HUDManager/HUDManager-Info.plist";
				IPHONEOS_DEPLOYMENT_TARGET = 8.1;
				PRODUCT_NAME = "$(TARGET_NAME)";
				WRAPPER_EXTENSION = app;
			};
			name = Debug;
		};
		E8D0AFFC17B8D1BA002CDBD8 /* Release */ = {
			isa = XCBuildConfiguration;
			baseConfigurationReference = ADBDDC825A8133702E67DF10 /* Pods-HUDManager.release.xcconfig */;
			buildSettings = {
				GCC_PRECOMPILE_PREFIX_HEADER = YES;
				GCC_PREFIX_HEADER = "HUDManager/HUDManager-Prefix.pch";
				INFOPLIST_FILE = "HUDManager/HUDManager-Info.plist";
				IPHONEOS_DEPLOYMENT_TARGET = 8.1;
				PRODUCT_NAME = "$(TARGET_NAME)";
				WRAPPER_EXTENSION = app;
			};
			name = Release;
		};
/* End XCBuildConfiguration section */

/* Begin XCConfigurationList section */
		E8D0AFD217B8D1BA002CDBD8 /* Build configuration list for PBXProject "HUDManager" */ = {
			isa = XCConfigurationList;
			buildConfigurations = (
				E8D0AFF817B8D1BA002CDBD8 /* Debug */,
				E8D0AFF917B8D1BA002CDBD8 /* Release */,
			);
			defaultConfigurationIsVisible = 0;
			defaultConfigurationName = Release;
		};
		E8D0AFFA17B8D1BA002CDBD8 /* Build configuration list for PBXNativeTarget "HUDManager" */ = {
			isa = XCConfigurationList;
			buildConfigurations = (
				E8D0AFFB17B8D1BA002CDBD8 /* Debug */,
				E8D0AFFC17B8D1BA002CDBD8 /* Release */,
			);
			defaultConfigurationIsVisible = 0;
			defaultConfigurationName = Release;
		};
/* End XCConfigurationList section */
	};
	rootObject = E8D0AFCF17B8D1BA002CDBD8 /* Project object */;
}
